
Microsoft Visual Studio Solution File, Format Version 12.00
# Visual Studio Version 17
VisualStudioVersion = 17.1.32328.378
MinimumVisualStudioVersion = 10.0.40219.1
Project("{FAE04EC0-301F-11D3-BF4B-00C04F79EFBC}") = "Lab_11", "Lab_11.csproj", "{D941348E-F7D8-44C5-B15C-907AC8E0256F}"
EndProject
Global
	GlobalSection(SolutionConfigurationPlatforms) = preSolution
		Debug|Any CPU = Debug|Any CPU
		Release|Any CPU = Release|Any CPU
	EndGlobalSection
	GlobalSection(ProjectConfigurationPlatforms) = postSolution
		{D941348E-F7D8-44C5-B15C-907AC8E0256F}.Debug|Any CPU.ActiveCfg = Debug|Any CPU
		{D941348E-F7D8-44C5-B15C-907AC8E0256F}.Debug|Any CPU.Build.0 = Debug|Any CPU
		{D941348E-F7D8-44C5-B15C-907AC8E0256F}.Release|Any CPU.ActiveCfg = Release|Any CPU
		{D941348E-F7D8-44C5-B15C-907AC8E0256F}.Release|Any CPU.Build.0 = Release|Any CPU
	EndGlobalSection
	GlobalSection(SolutionProperties) = preSolution
		HideSolutionNode = FALSE
	EndGlobalSection
	GlobalSection(ExtensibilityGlobals) = postSolution
		SolutionGuid = {0DEF28CE-FC7F-49E5-86B5-C4C988667646}
	EndGlobalSection
EndGlobal
